
Microsoft Visual Studio Solution File, Format Version 12.00
# Visual Studio 15
VisualStudioVersion = 15.0.27428.1
MinimumVisualStudioVersion = 10.0.40219.1
Project("{888888A0-9F3D-457C-B088-3A5042F75D52}") = "HappyPlace", "HappyPlace\HappyPlace.pyproj", "{4A28179B-4EF1-4B2D-8C95-D260F1CC7251}"
EndProject
Global
	GlobalSection(SolutionConfigurationPlatforms) = preSolution
		Debug|Any CPU = Debug|Any CPU
		Release|Any CPU = Release|Any CPU
	EndGlobalSection
	GlobalSection(ProjectConfigurationPlatforms) = postSolution
		{4A28179B-4EF1-4B2D-8C95-D260F1CC7251}.Debug|Any CPU.ActiveCfg = Debug|Any CPU
		{4A28179B-4EF1-4B2D-8C95-D260F1CC7251}.Release|Any CPU.ActiveCfg = Release|Any CPU
	EndGlobalSection
	GlobalSection(SolutionProperties) = preSolution
		HideSolutionNode = FALSE
	EndGlobalSection
	GlobalSection(ExtensibilityGlobals) = postSolution
		SolutionGuid = {894722A5-3A5D-48A3-ABA3-52AEA69BD3BD}
	EndGlobalSection
EndGlobal
